{
  "name": "mjpeg-camera",
  "version": "2.0.1",
  "lockfileVersion": 3,
  "requires": true,
  "packages": {
    "": {
      "name": "mjpeg-camera",
      "version": "2.0.1",
      "license": "MIT",
      "dependencies": {
        "commander": "^2.20.3",
        "dev-null": "^0.1.1",
        "mjpeg-consumer": "^2.0.0",
        "motion-detect": "^0.2.5",
        "unpipe": "^1.0.0"
      },
      "bin": {
        "cs": "cs"
      },
      "engines": {
        "node": ">=18"
      }
    },
    "node_modules/commander": {
      "version": "2.20.3",
      "resolved": "https://registry.npmjs.org/commander/-/commander-2.20.3.tgz",
      "integrity": "sha512-GpVkmM8vF2vQUkj2LvZmD35JxeJOLCwJ9cUkugyk2nuhbv3+mJvpLYYt+0+USMxE+oj+ey/lJEnhZw75x/OMcQ==",
      "license": "MIT"
    },
    "node_modules/debug": {
      "version": "2.6.9",
      "resolved": "https://registry.npmjs.org/debug/-/debug-2.6.9.tgz",
      "integrity": "sha512-bC7ElrdJaJnPbAP+1EotYvqZsb3ecl5wi6Bfi6BJTUcNowp6cvspg0jXznRTKDjm/E7AdgFBVeAPVMNcKGsHMA==",
      "license": "MIT",
      "dependencies": {
        "ms": "2.0.0"
      }
    },
    "node_modules/dev-null": {
      "version": "0.1.1",
      "resolved": "https://registry.npmjs.org/dev-null/-/dev-null-0.1.1.tgz",
      "integrity": "sha512-nMNZG0zfMgmdv8S5O0TM5cpwNbGKRGPCxVsr0SmA3NZZy9CYBbuNLL0PD3Acx9e5LIUgwONXtM9kM6RlawPxEQ==",
      "license": "MIT"
    },
    "node_modules/im-decode": {
      "version": "0.1.2",
      "resolved": "https://registry.npmjs.org/im-decode/-/im-decode-0.1.2.tgz",
      "integrity": "sha512-CrNUgeye2Rwoch0hVeT/uupq2o40nJKfo9Z6FByCqUN+ZsIf+7YOfUPwb/0+ojDNlxH8rvrs6zgzFD01VQj16w==",
      "license": "MIT"
    },
    "node_modules/imageinfo": {
      "version": "1.0.4",
      "resolved": "https://registry.npmjs.org/imageinfo/-/imageinfo-1.0.4.tgz",
      "integrity": "sha512-BJml4q/QCO2187F4UcO/b6hTYIhbq4nnd1XNs65jyCED9em4m6XmeGWDxjewjfJoC7VJABhOdmqb64KA24rLZw==",
      "engines": {
        "node": ">=0.4"
      }
    },
    "node_modules/inkjet": {
      "version": "1.2.0",
      "resolved": "https://registry.npmjs.org/inkjet/-/inkjet-1.2.0.tgz",
      "integrity": "sha512-jZw7wnTV14SdurDPZ3scrUecWb7/laKW9emYfzXhr7Kr29yA230DyiKxxKWS1A4yrNZy/hULPQI1XKJEHbxSPA==",
      "license": "MIT",
      "dependencies": {
        "debug": "^2.1.3",
        "imageinfo": "^1.0.4",
        "lodash.find": "^3.2.0",
        "webworkify": "^1.0.2"
      }
    },
    "node_modules/lodash._basecallback": {
      "version": "3.3.1",
      "resolved": "https://registry.npmjs.org/lodash._basecallback/-/lodash._basecallback-3.3.1.tgz",
      "integrity": "sha512-LQffghuO63ufDY33KKO1ezGKbcFZK3ngYV7JpxaUomoM5acf0YeXU3Pm8csVE0girVs50TXzfNibl69Co3ggJA==",
      "license": "MIT",
      "dependencies": {
        "lodash._baseisequal": "^3.0.0",
        "lodash._bindcallback": "^3.0.0",
        "lodash.isarray": "^3.0.0",
        "lodash.pairs": "^3.0.0"
      }
    },
    "node_modules/lodash._baseeach": {
      "version": "3.0.4",
      "resolved": "https://registry.npmjs.org/lodash._baseeach/-/lodash._baseeach-3.0.4.tgz",
      "integrity": "sha512-IqUZ9MQo2UT1XPGuBntInqTOlc+oV+bCo0kMp+yuKGsfvRSNgUW0YjWVZUrG/gs+8z/Eyuc0jkJjOBESt9BXxg==",
      "license": "MIT",
      "dependencies": {
        "lodash.keys": "^3.0.0"
      }
    },
    "node_modules/lodash._basefind": {
      "version": "3.0.0",
      "resolved": "https://registry.npmjs.org/lodash._basefind/-/lodash._basefind-3.0.0.tgz",
      "integrity": "sha512-OCYxW9f0nMWjRaJyvGxrM/x/xGZTIYEiz+PyFux4YIZr7DtXLQpmCc6aDJdhPA1vnnsrY+N7BvS76hAdlnGHfg==",
      "license": "MIT"
    },
    "node_modules/lodash._basefindindex": {
      "version": "3.6.0",
      "resolved": "https://registry.npmjs.org/lodash._basefindindex/-/lodash._basefindindex-3.6.0.tgz",
      "integrity": "sha512-Ay3Ok74tVwGB79L5lVZlVgpGYjV9ty8DEVPxIUhgGGkqrqk6I+BPJ5kUIxd5S1b2Qg03VXtdg/Dpv2zcwQReoA==",
      "license": "MIT"
    },
    "node_modules/lodash._baseisequal": {
      "version": "3.0.7",
      "resolved": "https://registry.npmjs.org/lodash._baseisequal/-/lodash._baseisequal-3.0.7.tgz",
      "integrity": "sha512-U+3GsNEZj9ebI03ncLC2pLmYVjgtYZEwdkAPO7UGgtGvAz36JVFPAQUufpSaVL93Cz5arc6JGRKZRhaOhyVJYA==",
      "license": "MIT",
      "dependencies": {
        "lodash.isarray": "^3.0.0",
        "lodash.istypedarray": "^3.0.0",
        "lodash.keys": "^3.0.0"
      }
    },
    "node_modules/lodash._bindcallback": {
      "version": "3.0.1",
      "resolved": "https://registry.npmjs.org/lodash._bindcallback/-/lodash._bindcallback-3.0.1.tgz",
      "integrity": "sha512-2wlI0JRAGX8WEf4Gm1p/mv/SZ+jLijpj0jyaE/AXeuQphzCgD8ZQW4oSpoN8JAopujOFGU3KMuq7qfHBWlGpjQ==",
      "license": "MIT"
    },
    "node_modules/lodash._getnative": {
      "version": "3.9.1",
      "resolved": "https://registry.npmjs.org/lodash._getnative/-/lodash._getnative-3.9.1.tgz",
      "integrity": "sha512-RrL9VxMEPyDMHOd9uFbvMe8X55X16/cGM5IgOKgRElQZutpX89iS6vwl64duTV1/16w5JY7tuFNXqoekmh1EmA==",
      "license": "MIT"
    },
    "node_modules/lodash.find": {
      "version": "3.2.1",
      "resolved": "https://registry.npmjs.org/lodash.find/-/lodash.find-3.2.1.tgz",
      "integrity": "sha512-pN4ZB4KEepNd/97vLC5F3rl1tAAa5uWvISru2psLyLA8BtqBQwOA+2D7fdusG0aGmElOEurbSMlKI3UxjqoLQg==",
      "license": "MIT",
      "dependencies": {
        "lodash._basecallback": "^3.0.0",
        "lodash._baseeach": "^3.0.0",
        "lodash._basefind": "^3.0.0",
        "lodash._basefindindex": "^3.0.0",
        "lodash.isarray": "^3.0.0",
        "lodash.keys": "^3.0.0"
      }
    },
    "node_modules/lodash.isarguments": {
      "version": "3.1.0",
      "resolved": "https://registry.npmjs.org/lodash.isarguments/-/lodash.isarguments-3.1.0.tgz",
      "integrity": "sha512-chi4NHZlZqZD18a0imDHnZPrDeBbTtVN7GXMwuGdRH9qotxAjYs3aVLKc7zNOG9eddR5Ksd8rvFEBc9SsggPpg==",
      "license": "MIT"
    },
    "node_modules/lodash.isarray": {
      "version": "3.0.4",
      "resolved": "https://registry.npmjs.org/lodash.isarray/-/lodash.isarray-3.0.4.tgz",
      "integrity": "sha512-JwObCrNJuT0Nnbuecmqr5DgtuBppuCvGD9lxjFpAzwnVtdGoDQ1zig+5W8k5/6Gcn0gZ3936HDAlGd28i7sOGQ==",
      "license": "MIT"
    },
    "node_modules/lodash.istypedarray": {
      "version": "3.0.6",
      "resolved": "https://registry.npmjs.org/lodash.istypedarray/-/lodash.istypedarray-3.0.6.tgz",
      "integrity": "sha512-lGWJ6N8AA3KSv+ZZxlTdn4f6A7kMfpJboeyvbFdE7IU9YAgweODqmOgdUHOA+c6lVWeVLysdaxciFXi+foVsWw==",
      "license": "MIT"
    },
    "node_modules/lodash.keys": {
      "version": "3.1.2",
      "resolved": "https://registry.npmjs.org/lodash.keys/-/lodash.keys-3.1.2.tgz",
      "integrity": "sha512-CuBsapFjcubOGMn3VD+24HOAPxM79tH+V6ivJL3CHYjtrawauDJHUk//Yew9Hvc6e9rbCrURGk8z6PC+8WJBfQ==",
      "license": "MIT",
      "dependencies": {
        "lodash._getnative": "^3.0.0",
        "lodash.isarguments": "^3.0.0",
        "lodash.isarray": "^3.0.0"
      }
    },
    "node_modules/lodash.pairs": {
      "version": "3.0.1",
      "resolved": "https://registry.npmjs.org/lodash.pairs/-/lodash.pairs-3.0.1.tgz",
      "integrity": "sha512-lgXvpU43ZNQrZ/pK2cR97YzKeAno3e3HhcyvLKsofljeHKrQcZhT1vW7fg4X61c92tM+mjD/DypoLZYuAKNIkQ==",
      "license": "MIT",
      "dependencies": {
        "lodash.keys": "^3.0.0"
      }
    },
    "node_modules/mjpeg-consumer": {
      "version": "2.0.0",
      "resolved": "https://registry.npmjs.org/mjpeg-consumer/-/mjpeg-consumer-2.0.0.tgz",
      "integrity": "sha512-nyVOIMOQ7JEXwFPUkcbDgekBJGXSK/53nqhPnKZen3a4CAOM4HxqzPZQxDo/8NPhoueuXlvKN3DeDLV2OSi1fw==",
      "license": "MIT",
      "engines": {
        "node": ">=8.0.0"
      }
    },
    "node_modules/motion-detect": {
      "version": "0.2.5",
      "resolved": "https://registry.npmjs.org/motion-detect/-/motion-detect-0.2.5.tgz",
      "integrity": "sha512-3rDLkTU7YtA8lZzIGk6HGeawxu7OVdKsKRbqz1Q9/V/GPYm8383bJ2kmXRo/4ccmMeNNB2dPSbeE7xFq5XcEZQ==",
      "license": "MIT",
      "dependencies": {
        "im-decode": "~0.1.0",
        "inkjet": "^1.2.0",
        "ttq": "~0.1.1"
      }
    },
    "node_modules/ms": {
      "version": "2.0.0",
      "resolved": "https://registry.npmjs.org/ms/-/ms-2.0.0.tgz",
      "integrity": "sha512-Tpp60P6IUJDTuOq/5Z8cdskzJujfwqfOTkrwIwj7IRISpnkJnT6SyJ4PCPnGMoFjC9ddhal5KVIYtAt97ix05A==",
      "license": "MIT"
    },
    "node_modules/ttq": {
      "version": "0.1.2",
      "resolved": "https://registry.npmjs.org/ttq/-/ttq-0.1.2.tgz",
      "integrity": "sha512-UJh8Zx+3f/J/8dsX9/PeAppqH03R/Xx6MKeSDMACZ77LDTdv31MlM8zk/5GC/vDw0W/4e/EbeqgXSXnNPtoWqQ==",
      "license": "MIT"
    },
    "node_modules/unpipe": {
      "version": "1.0.0",
      "resolved": "https://registry.npmjs.org/unpipe/-/unpipe-1.0.0.tgz",
      "integrity": "sha512-pjy2bYhSsufwWlKwPc+l3cN7+wuJlK6uz0YdJEOlQDbl6jo/YlPi4mb8agUkVC8BF7V8NuzeyPNqRksA3hztKQ==",
      "license": "MIT",
      "engines": {
        "node": ">= 0.8"
      }
    },
    "node_modules/webworkify": {
      "version": "1.5.0",
      "resolved": "https://registry.npmjs.org/webworkify/-/webworkify-1.5.0.tgz",
      "integrity": "sha512-AMcUeyXAhbACL8S2hqqdqOLqvJ8ylmIbNwUIqQujRSouf4+eUFaXbG6F1Rbu+srlJMmxQWsiU7mOJi0nMBfM1g==",
      "license": "MIT"
    }
  }
}
