{
  "name": "mjpeg-camera",
  "version": "1.7.2",
  "lockfileVersion": 1,
  "requires": true,
  "dependencies": {
    "commander": {
      "version": "2.9.0",
      "resolved": "https://registry.npmjs.org/commander/-/commander-2.9.0.tgz",
      "integrity": "sha1-nJkJQXbhIkDLItbFFGCYQA/g99Q=",
      "requires": {
        "graceful-readlink": ">= 1.0.0"
      },
      "dependencies": {
        "graceful-readlink": {
          "version": "1.0.1",
          "resolved": "https://registry.npmjs.org/graceful-readlink/-/graceful-readlink-1.0.1.tgz",
          "integrity": "sha1-TK+tdrxi8C+gObL5Tpo906ORpyU="
        }
      }
    },
    "dev-null": {
      "version": "0.1.1",
      "resolved": "https://registry.npmjs.org/dev-null/-/dev-null-0.1.1.tgz",
      "integrity": "sha1-WiBc48Ky73e2I41roXnrdMag6Bg="
    },
    "mjpeg-consumer": {
      "version": "2.0.0",
      "resolved": "https://registry.npmjs.org/mjpeg-consumer/-/mjpeg-consumer-2.0.0.tgz",
      "integrity": "sha512-nyVOIMOQ7JEXwFPUkcbDgekBJGXSK/53nqhPnKZen3a4CAOM4HxqzPZQxDo/8NPhoueuXlvKN3DeDLV2OSi1fw=="
    },
    "motion-detect": {
      "version": "0.2.4",
      "resolved": false,
      "integrity": "sha1-MFKvbrjUrV5nw7UVOu8HZpSI1Tw=",
      "requires": {
        "im-decode": "~0.1.0",
        "inkjet": "^1.2.0",
        "ttq": "~0.1.1"
      },
      "dependencies": {
        "im-decode": {
          "version": "0.1.2",
          "resolved": "https://registry.npmjs.org/im-decode/-/im-decode-0.1.2.tgz",
          "integrity": "sha1-tfZQVVyZsPaOIir4hVcZt90fH1Q="
        },
        "inkjet": {
          "version": "1.2.0",
          "resolved": "https://registry.npmjs.org/inkjet/-/inkjet-1.2.0.tgz",
          "integrity": "sha1-esbi+8e2Hd3M+yk3d6FPslIpBSE=",
          "requires": {
            "debug": "^2.1.3",
            "imageinfo": "^1.0.4",
            "lodash.find": "^3.2.0",
            "webworkify": "^1.0.2"
          },
          "dependencies": {
            "debug": {
              "version": "2.2.0",
              "resolved": "https://registry.npmjs.org/debug/-/debug-2.2.0.tgz",
              "integrity": "sha1-+HBX6ZWxofauaklgZkE3vFbwOdo=",
              "requires": {
                "ms": "0.7.1"
              },
              "dependencies": {
                "ms": {
                  "version": "0.7.1",
                  "resolved": "https://registry.npmjs.org/ms/-/ms-0.7.1.tgz",
                  "integrity": "sha1-nNE8A62/8ltl7/3nzoZO6VIBcJg="
                }
              }
            },
            "imageinfo": {
              "version": "1.0.4",
              "resolved": "https://registry.npmjs.org/imageinfo/-/imageinfo-1.0.4.tgz",
              "integrity": "sha1-HdJFbsuW/DlfCqEXnEZ9+z1deio="
            },
            "lodash.find": {
              "version": "3.2.1",
              "resolved": "https://registry.npmjs.org/lodash.find/-/lodash.find-3.2.1.tgz",
              "integrity": "sha1-BG4xnzrOkSrGySRsf2g8XsB7Nq0=",
              "requires": {
                "lodash._basecallback": "^3.0.0",
                "lodash._baseeach": "^3.0.0",
                "lodash._basefind": "^3.0.0",
                "lodash._basefindindex": "^3.0.0",
                "lodash.isarray": "^3.0.0",
                "lodash.keys": "^3.0.0"
              },
              "dependencies": {
                "lodash._basecallback": {
                  "version": "3.3.1",
                  "resolved": "https://registry.npmjs.org/lodash._basecallback/-/lodash._basecallback-3.3.1.tgz",
                  "integrity": "sha1-t7K7Q9whYEJKIczybFfkQ3cqjic=",
                  "requires": {
                    "lodash._baseisequal": "^3.0.0",
                    "lodash._bindcallback": "^3.0.0",
                    "lodash.isarray": "^3.0.0",
                    "lodash.pairs": "^3.0.0"
                  },
                  "dependencies": {
                    "lodash._baseisequal": {
                      "version": "3.0.7",
                      "resolved": "https://registry.npmjs.org/lodash._baseisequal/-/lodash._baseisequal-3.0.7.tgz",
                      "integrity": "sha1-2AJfdjOdKTQnZ9zIh85cuVpbUfE=",
                      "requires": {
                        "lodash.isarray": "^3.0.0",
                        "lodash.istypedarray": "^3.0.0",
                        "lodash.keys": "^3.0.0"
                      },
                      "dependencies": {
                        "lodash.istypedarray": {
                          "version": "3.0.6",
                          "resolved": "https://registry.npmjs.org/lodash.istypedarray/-/lodash.istypedarray-3.0.6.tgz",
                          "integrity": "sha1-yaR3SYYHUB2OhJTSg7h8OSgc72I="
                        }
                      }
                    },
                    "lodash._bindcallback": {
                      "version": "3.0.1",
                      "resolved": "https://registry.npmjs.org/lodash._bindcallback/-/lodash._bindcallback-3.0.1.tgz",
                      "integrity": "sha1-5THCdkTPi1epnhftlbNcdIeJOS4="
                    },
                    "lodash.pairs": {
                      "version": "3.0.1",
                      "resolved": "https://registry.npmjs.org/lodash.pairs/-/lodash.pairs-3.0.1.tgz",
                      "integrity": "sha1-u+CNV4bu6qCaFckevw3LfSvjJqk=",
                      "requires": {
                        "lodash.keys": "^3.0.0"
                      }
                    }
                  }
                },
                "lodash._baseeach": {
                  "version": "3.0.4",
                  "resolved": "https://registry.npmjs.org/lodash._baseeach/-/lodash._baseeach-3.0.4.tgz",
                  "integrity": "sha1-z4cGVyyhROjZ11InyZDamC+TKvM=",
                  "requires": {
                    "lodash.keys": "^3.0.0"
                  }
                },
                "lodash._basefind": {
                  "version": "3.0.0",
                  "resolved": "https://registry.npmjs.org/lodash._basefind/-/lodash._basefind-3.0.0.tgz",
                  "integrity": "sha1-srugXMZF+XLeLPkl+iv2Og9gyK4="
                },
                "lodash._basefindindex": {
                  "version": "3.6.0",
                  "resolved": "https://registry.npmjs.org/lodash._basefindindex/-/lodash._basefindindex-3.6.0.tgz",
                  "integrity": "sha1-8IM2ChsCJBjtgbyJm+sxLiHnSk8="
                },
                "lodash.isarray": {
                  "version": "3.0.4",
                  "resolved": "https://registry.npmjs.org/lodash.isarray/-/lodash.isarray-3.0.4.tgz",
                  "integrity": "sha1-eeTriMNqgSKvhvhEqpvNhRtfu1U="
                },
                "lodash.keys": {
                  "version": "3.1.2",
                  "resolved": "https://registry.npmjs.org/lodash.keys/-/lodash.keys-3.1.2.tgz",
                  "integrity": "sha1-TbwEcrFWvlCgsoaFXRvQsMZWCYo=",
                  "requires": {
                    "lodash._getnative": "^3.0.0",
                    "lodash.isarguments": "^3.0.0",
                    "lodash.isarray": "^3.0.0"
                  },
                  "dependencies": {
                    "lodash._getnative": {
                      "version": "3.9.1",
                      "resolved": "https://registry.npmjs.org/lodash._getnative/-/lodash._getnative-3.9.1.tgz",
                      "integrity": "sha1-VwvH3t5G1hzc3mh9ZdPuy6o6r/U="
                    },
                    "lodash.isarguments": {
                      "version": "3.0.8",
                      "resolved": "https://registry.npmjs.org/lodash.isarguments/-/lodash.isarguments-3.0.8.tgz",
                      "integrity": "sha1-W/jaiH8B8qnknAoXXNrrMYoOQ9w="
                    }
                  }
                }
              }
            },
            "webworkify": {
              "version": "1.1.0",
              "resolved": "https://registry.npmjs.org/webworkify/-/webworkify-1.1.0.tgz",
              "integrity": "sha1-p/jFMAXSpmHJOahCm+DaGb0X7x8="
            }
          }
        },
        "ttq": {
          "version": "0.1.2",
          "resolved": "https://registry.npmjs.org/ttq/-/ttq-0.1.2.tgz",
          "integrity": "sha1-eUq5iY6Bu7YQJXeQW+wHGy7TZNk="
        }
      }
    },
    "request": {
      "version": "2.72.0",
      "resolved": "https://registry.npmjs.org/request/-/request-2.72.0.tgz",
      "integrity": "sha1-DOOheVEmILEEQfFMguIcEsDdtOE=",
      "requires": {
        "aws-sign2": "~0.6.0",
        "aws4": "^1.2.1",
        "bl": "~1.1.2",
        "caseless": "~0.11.0",
        "combined-stream": "~1.0.5",
        "extend": "~3.0.0",
        "forever-agent": "~0.6.1",
        "form-data": "~1.0.0-rc3",
        "har-validator": "~2.0.6",
        "hawk": "~3.1.3",
        "http-signature": "~1.1.0",
        "is-typedarray": "~1.0.0",
        "isstream": "~0.1.2",
        "json-stringify-safe": "~5.0.1",
        "mime-types": "~2.1.7",
        "node-uuid": "~1.4.7",
        "oauth-sign": "~0.8.1",
        "qs": "~6.1.0",
        "stringstream": "~0.0.4",
        "tough-cookie": "~2.2.0",
        "tunnel-agent": "~0.4.1"
      },
      "dependencies": {
        "aws-sign2": {
          "version": "0.6.0",
          "resolved": "https://registry.npmjs.org/aws-sign2/-/aws-sign2-0.6.0.tgz",
          "integrity": "sha1-FDQt0428yU0OW4fXY81jYSwOeU8="
        },
        "aws4": {
          "version": "1.3.2",
          "resolved": "https://registry.npmjs.org/aws4/-/aws4-1.3.2.tgz",
          "integrity": "sha1-054L7kEs7Q6O2Uoj4xTzE6lbn9E=",
          "requires": {
            "lru-cache": "^4.0.0"
          },
          "dependencies": {
            "lru-cache": {
              "version": "4.0.1",
              "resolved": "https://registry.npmjs.org/lru-cache/-/lru-cache-4.0.1.tgz",
              "integrity": "sha1-E0OVXtry432bnn7nJB4nxLn7cr4=",
              "requires": {
                "pseudomap": "^1.0.1",
                "yallist": "^2.0.0"
              },
              "dependencies": {
                "pseudomap": {
                  "version": "1.0.2",
                  "resolved": "https://registry.npmjs.org/pseudomap/-/pseudomap-1.0.2.tgz",
                  "integrity": "sha1-8FKijacOYYkX7wqKw0wa5aaChrM="
                },
                "yallist": {
                  "version": "2.0.0",
                  "resolved": "https://registry.npmjs.org/yallist/-/yallist-2.0.0.tgz",
                  "integrity": "sha1-MGxUODXwnuGkyyO3vOmrNByRzdQ="
                }
              }
            }
          }
        },
        "bl": {
          "version": "1.1.2",
          "resolved": "https://registry.npmjs.org/bl/-/bl-1.1.2.tgz",
          "integrity": "sha1-/cqHGplxOqANGeO7ukHER4emU5g=",
          "requires": {
            "readable-stream": "~2.0.5"
          },
          "dependencies": {
            "readable-stream": {
              "version": "2.0.6",
              "resolved": "https://registry.npmjs.org/readable-stream/-/readable-stream-2.0.6.tgz",
              "integrity": "sha1-j5A0HmilPMySh4jaz80Rs265t44=",
              "requires": {
                "core-util-is": "~1.0.0",
                "inherits": "~2.0.1",
                "isarray": "~1.0.0",
                "process-nextick-args": "~1.0.6",
                "string_decoder": "~0.10.x",
                "util-deprecate": "~1.0.1"
              },
              "dependencies": {
                "core-util-is": {
                  "version": "1.0.2",
                  "resolved": "https://registry.npmjs.org/core-util-is/-/core-util-is-1.0.2.tgz",
                  "integrity": "sha1-tf1UIgqivFq1eqtxQMlAdUUDwac="
                },
                "inherits": {
                  "version": "2.0.1",
                  "resolved": "https://registry.npmjs.org/inherits/-/inherits-2.0.1.tgz",
                  "integrity": "sha1-sX0I0ya0Qj5Wjv9xn5GwscvfafE="
                },
                "isarray": {
                  "version": "1.0.0",
                  "resolved": "https://registry.npmjs.org/isarray/-/isarray-1.0.0.tgz",
                  "integrity": "sha1-u5NdSFgsuhaMBoNJV6VKPgcSTxE="
                },
                "process-nextick-args": {
                  "version": "1.0.6",
                  "resolved": "https://registry.npmjs.org/process-nextick-args/-/process-nextick-args-1.0.6.tgz",
                  "integrity": "sha1-D5awAc6pCxJZLOVm7bl+wR5pvQU="
                },
                "string_decoder": {
                  "version": "0.10.31",
                  "resolved": "https://registry.npmjs.org/string_decoder/-/string_decoder-0.10.31.tgz",
                  "integrity": "sha1-YuIDvEF2bGwoyfyEMB2rHFMQ+pQ="
                },
                "util-deprecate": {
                  "version": "1.0.2",
                  "resolved": "https://registry.npmjs.org/util-deprecate/-/util-deprecate-1.0.2.tgz",
                  "integrity": "sha1-RQ1Nyfpw3nMnYvvS1KKJgUGaDM8="
                }
              }
            }
          }
        },
        "caseless": {
          "version": "0.11.0",
          "resolved": "https://registry.npmjs.org/caseless/-/caseless-0.11.0.tgz",
          "integrity": "sha1-cVuW6phBWTzDMGeSP17GDr2k99c="
        },
        "combined-stream": {
          "version": "1.0.5",
          "resolved": "https://registry.npmjs.org/combined-stream/-/combined-stream-1.0.5.tgz",
          "integrity": "sha1-k4NwpXtKUd6ix3wV1cX9+JUWQAk=",
          "requires": {
            "delayed-stream": "~1.0.0"
          },
          "dependencies": {
            "delayed-stream": {
              "version": "1.0.0",
              "resolved": "https://registry.npmjs.org/delayed-stream/-/delayed-stream-1.0.0.tgz",
              "integrity": "sha1-3zrhmayt+31ECqrgsp4icrJOxhk="
            }
          }
        },
        "extend": {
          "version": "3.0.0",
          "resolved": "https://registry.npmjs.org/extend/-/extend-3.0.0.tgz",
          "integrity": "sha1-WkdDU7nzNT3dgXbf03uRyDpG8dQ="
        },
        "forever-agent": {
          "version": "0.6.1",
          "resolved": "https://registry.npmjs.org/forever-agent/-/forever-agent-0.6.1.tgz",
          "integrity": "sha1-+8cfDEGt6zf5bFd60e1C2P2sypE="
        },
        "form-data": {
          "version": "1.0.0-rc4",
          "resolved": "https://registry.npmjs.org/form-data/-/form-data-1.0.0-rc4.tgz",
          "integrity": "sha1-BaxrwiIntD5EYfSIFhVUaZ1Pi14=",
          "requires": {
            "async": "^1.5.2",
            "combined-stream": "^1.0.5",
            "mime-types": "^2.1.10"
          },
          "dependencies": {
            "async": {
              "version": "1.5.2",
              "resolved": "https://registry.npmjs.org/async/-/async-1.5.2.tgz",
              "integrity": "sha1-7GphrlZIDAw8skHJVhjiCJL5Zyo="
            }
          }
        },
        "har-validator": {
          "version": "2.0.6",
          "resolved": "https://registry.npmjs.org/har-validator/-/har-validator-2.0.6.tgz",
          "integrity": "sha1-zcvAgYgmWtEZtqWnyKtw7s+10n0=",
          "requires": {
            "chalk": "^1.1.1",
            "commander": "^2.9.0",
            "is-my-json-valid": "^2.12.4",
            "pinkie-promise": "^2.0.0"
          },
          "dependencies": {
            "chalk": {
              "version": "1.1.3",
              "resolved": "https://registry.npmjs.org/chalk/-/chalk-1.1.3.tgz",
              "integrity": "sha1-qBFcVeSnAv5NFQq9OHKCKn4J/Jg=",
              "requires": {
                "ansi-styles": "^2.2.1",
                "escape-string-regexp": "^1.0.2",
                "has-ansi": "^2.0.0",
                "strip-ansi": "^3.0.0",
                "supports-color": "^2.0.0"
              },
              "dependencies": {
                "ansi-styles": {
                  "version": "2.2.1",
                  "resolved": "https://registry.npmjs.org/ansi-styles/-/ansi-styles-2.2.1.tgz",
                  "integrity": "sha1-tDLdM1i2NM914eRmQ2gkBTPB3b4="
                },
                "escape-string-regexp": {
                  "version": "1.0.5",
                  "resolved": "https://registry.npmjs.org/escape-string-regexp/-/escape-string-regexp-1.0.5.tgz",
                  "integrity": "sha1-G2HAViGQqN/2rjuyzwIAyhMLhtQ="
                },
                "has-ansi": {
                  "version": "2.0.0",
                  "resolved": "https://registry.npmjs.org/has-ansi/-/has-ansi-2.0.0.tgz",
                  "integrity": "sha1-NPUEnOHs3ysGSa8+8k5F7TVBbZE=",
                  "requires": {
                    "ansi-regex": "^2.0.0"
                  },
                  "dependencies": {
                    "ansi-regex": {
                      "version": "2.0.0",
                      "resolved": "https://registry.npmjs.org/ansi-regex/-/ansi-regex-2.0.0.tgz",
                      "integrity": "sha1-xQYbbg74qBd15Q9dZhUb9r83EQc="
                    }
                  }
                },
                "strip-ansi": {
                  "version": "3.0.1",
                  "resolved": "https://registry.npmjs.org/strip-ansi/-/strip-ansi-3.0.1.tgz",
                  "integrity": "sha1-ajhfuIU9lS1f8F0Oiq+UJ43GPc8=",
                  "requires": {
                    "ansi-regex": "^2.0.0"
                  },
                  "dependencies": {
                    "ansi-regex": {
                      "version": "2.0.0",
                      "resolved": "https://registry.npmjs.org/ansi-regex/-/ansi-regex-2.0.0.tgz",
                      "integrity": "sha1-xQYbbg74qBd15Q9dZhUb9r83EQc="
                    }
                  }
                },
                "supports-color": {
                  "version": "2.0.0",
                  "resolved": "https://registry.npmjs.org/supports-color/-/supports-color-2.0.0.tgz",
                  "integrity": "sha1-U10EXOa2Nj+kARcIRimZXp3zJMc="
                }
              }
            },
            "is-my-json-valid": {
              "version": "2.13.1",
              "resolved": "https://registry.npmjs.org/is-my-json-valid/-/is-my-json-valid-2.13.1.tgz",
              "integrity": "sha1-1Vd4qC/rawlj/0vhEdXRaE6JBwc=",
              "requires": {
                "generate-function": "^2.0.0",
                "generate-object-property": "^1.1.0",
                "jsonpointer": "2.0.0",
                "xtend": "^4.0.0"
              },
              "dependencies": {
                "generate-function": {
                  "version": "2.0.0",
                  "resolved": "https://registry.npmjs.org/generate-function/-/generate-function-2.0.0.tgz",
                  "integrity": "sha1-aFj+fAlpt9TpCTM3ZHrHn2DfvnQ="
                },
                "generate-object-property": {
                  "version": "1.2.0",
                  "resolved": "https://registry.npmjs.org/generate-object-property/-/generate-object-property-1.2.0.tgz",
                  "integrity": "sha1-nA4cQDCM6AT0eDYYuTf6iPmdUNA=",
                  "requires": {
                    "is-property": "^1.0.0"
                  },
                  "dependencies": {
                    "is-property": {
                      "version": "1.0.2",
                      "resolved": "https://registry.npmjs.org/is-property/-/is-property-1.0.2.tgz",
                      "integrity": "sha1-V/4cTkhHTt1lsJkR8msc1Ald2oQ="
                    }
                  }
                },
                "jsonpointer": {
                  "version": "2.0.0",
                  "resolved": "https://registry.npmjs.org/jsonpointer/-/jsonpointer-2.0.0.tgz",
                  "integrity": "sha1-OvHdIP6FRjkQ1GmjheMwF9KgMNk="
                },
                "xtend": {
                  "version": "4.0.1",
                  "resolved": "https://registry.npmjs.org/xtend/-/xtend-4.0.1.tgz",
                  "integrity": "sha1-pcbVMr5lbiPbgg77lDofBJmNY68="
                }
              }
            },
            "pinkie-promise": {
              "version": "2.0.1",
              "resolved": "https://registry.npmjs.org/pinkie-promise/-/pinkie-promise-2.0.1.tgz",
              "integrity": "sha1-ITXW36ejWMBprJsXh3YogihFD/o=",
              "requires": {
                "pinkie": "^2.0.0"
              },
              "dependencies": {
                "pinkie": {
                  "version": "2.0.4",
                  "resolved": "https://registry.npmjs.org/pinkie/-/pinkie-2.0.4.tgz",
                  "integrity": "sha1-clVrgM+g1IqXToDnckjoDtT3+HA="
                }
              }
            }
          }
        },
        "hawk": {
          "version": "3.1.3",
          "resolved": "https://registry.npmjs.org/hawk/-/hawk-3.1.3.tgz",
          "integrity": "sha1-B4REvXwWQLD+VA0sm3PVlnjo4cQ=",
          "requires": {
            "boom": "2.x.x",
            "cryptiles": "2.x.x",
            "hoek": "2.x.x",
            "sntp": "1.x.x"
          },
          "dependencies": {
            "boom": {
              "version": "2.10.1",
              "resolved": "https://registry.npmjs.org/boom/-/boom-2.10.1.tgz",
              "integrity": "sha1-OciRjO/1eZ+D+UkqhI9iWt0Mdm8=",
              "requires": {
                "hoek": "2.x.x"
              }
            },
            "cryptiles": {
              "version": "2.0.5",
              "resolved": "https://registry.npmjs.org/cryptiles/-/cryptiles-2.0.5.tgz",
              "integrity": "sha1-O9/s3GCBR8HGcgL6KR59ylnqo7g=",
              "requires": {
                "boom": "2.x.x"
              }
            },
            "hoek": {
              "version": "2.16.3",
              "resolved": "https://registry.npmjs.org/hoek/-/hoek-2.16.3.tgz",
              "integrity": "sha1-ILt0A9POo5jpHcRxCo/xuCdKJe0="
            },
            "sntp": {
              "version": "1.0.9",
              "resolved": "https://registry.npmjs.org/sntp/-/sntp-1.0.9.tgz",
              "integrity": "sha1-ZUEYTMkK7qbG57NeJlkIJEPGYZg=",
              "requires": {
                "hoek": "2.x.x"
              }
            }
          }
        },
        "http-signature": {
          "version": "1.1.1",
          "resolved": "https://registry.npmjs.org/http-signature/-/http-signature-1.1.1.tgz",
          "integrity": "sha1-33LiZwZs0Kxn+3at+OE0qPvPkb8=",
          "requires": {
            "assert-plus": "^0.2.0",
            "jsprim": "^1.2.2",
            "sshpk": "^1.7.0"
          },
          "dependencies": {
            "assert-plus": {
              "version": "0.2.0",
              "resolved": "https://registry.npmjs.org/assert-plus/-/assert-plus-0.2.0.tgz",
              "integrity": "sha1-104bh+ev/A24qttwIfP+SBAasjQ="
            },
            "jsprim": {
              "version": "1.2.2",
              "resolved": "https://registry.npmjs.org/jsprim/-/jsprim-1.2.2.tgz",
              "integrity": "sha1-8gyQaskqvVjjt5rIvHCkiDJRLaE=",
              "requires": {
                "extsprintf": "1.0.2",
                "json-schema": "0.2.2",
                "verror": "1.3.6"
              },
              "dependencies": {
                "extsprintf": {
                  "version": "1.0.2",
                  "resolved": "https://registry.npmjs.org/extsprintf/-/extsprintf-1.0.2.tgz",
                  "integrity": "sha1-4QgOBljjALBilJkMxw4VAiNf1VA="
                },
                "json-schema": {
                  "version": "0.2.2",
                  "resolved": "https://registry.npmjs.org/json-schema/-/json-schema-0.2.2.tgz",
                  "integrity": "sha1-UDVPGfYDkXxpX3C4Wvp3w7DyNQY="
                },
                "verror": {
                  "version": "1.3.6",
                  "resolved": "https://registry.npmjs.org/verror/-/verror-1.3.6.tgz",
                  "integrity": "sha1-z/XfEpRtKX0rqu+qJoniW+AcAFw=",
                  "requires": {
                    "extsprintf": "1.0.2"
                  }
                }
              }
            },
            "sshpk": {
              "version": "1.8.1",
              "resolved": "https://registry.npmjs.org/sshpk/-/sshpk-1.8.1.tgz",
              "integrity": "sha1-bLbNBz0n/DIyB91BRhRwjyNaSwc=",
              "requires": {
                "asn1": "~0.2.3",
                "assert-plus": "^1.0.0",
                "dashdash": "^1.12.0",
                "ecc-jsbn": "~0.0.1",
                "getpass": "^0.1.1",
                "jodid25519": "^1.0.0",
                "jsbn": "~0.1.0",
                "tweetnacl": "~0.13.0"
              },
              "dependencies": {
                "asn1": {
                  "version": "0.2.3",
                  "resolved": "https://registry.npmjs.org/asn1/-/asn1-0.2.3.tgz",
                  "integrity": "sha1-2sh4dxPJlmhJ/IGAd36+nB3fO4Y="
                },
                "assert-plus": {
                  "version": "1.0.0",
                  "resolved": "https://registry.npmjs.org/assert-plus/-/assert-plus-1.0.0.tgz",
                  "integrity": "sha1-8S4PPF13sLHN2RRpQuTpbB5N1SU="
                },
                "dashdash": {
                  "version": "1.13.1",
                  "resolved": "https://registry.npmjs.org/dashdash/-/dashdash-1.13.1.tgz",
                  "integrity": "sha1-NTDtOLkCa+mvBcg0I8kVQSLj1Hw=",
                  "requires": {
                    "assert-plus": "^1.0.0"
                  }
                },
                "ecc-jsbn": {
                  "version": "0.0.1",
                  "resolved": "https://registry.npmjs.org/ecc-jsbn/-/ecc-jsbn-0.0.1.tgz",
                  "integrity": "sha1-lwV3ujG0l2+xiJopjLdFHYlsRm0=",
                  "optional": true,
                  "requires": {
                    "jsbn": "git+https://github.com/rynomad/jsbn.git"
                  },
                  "dependencies": {
                    "jsbn": {
                      "version": "git+https://github.com/rynomad/jsbn.git#bb522b0124f75424f89d49446c40a87111942c7b",
                      "from": "git+https://github.com/rynomad/jsbn.git",
                      "optional": true
                    }
                  }
                },
                "getpass": {
                  "version": "0.1.5",
                  "resolved": "https://registry.npmjs.org/getpass/-/getpass-0.1.5.tgz",
                  "integrity": "sha1-og1fKo/IPxHbDVkdBIdGlAfmvhQ=",
                  "requires": {
                    "assert-plus": "^1.0.0"
                  }
                },
                "jodid25519": {
                  "version": "1.0.2",
                  "resolved": "https://registry.npmjs.org/jodid25519/-/jodid25519-1.0.2.tgz",
                  "integrity": "sha1-BtSRIlUJNBlHfUJWM2BuDpB4KWc=",
                  "optional": true,
                  "requires": {
                    "jsbn": "~0.1.0"
                  }
                },
                "jsbn": {
                  "version": "0.1.0",
                  "resolved": "https://registry.npmjs.org/jsbn/-/jsbn-0.1.0.tgz",
                  "integrity": "sha1-ZQmH2g3XT06/WhE3eiqi0nPpff0=",
                  "optional": true
                },
                "tweetnacl": {
                  "version": "0.13.3",
                  "resolved": "https://registry.npmjs.org/tweetnacl/-/tweetnacl-0.13.3.tgz",
                  "integrity": "sha1-1ii1bzvMPVrnS6nUwacE3vWrS1Y=",
                  "optional": true
                }
              }
            }
          }
        },
        "is-typedarray": {
          "version": "1.0.0",
          "resolved": "https://registry.npmjs.org/is-typedarray/-/is-typedarray-1.0.0.tgz",
          "integrity": "sha1-5HnICFjfDBsR3dppQPlgEfzaSpo="
        },
        "isstream": {
          "version": "0.1.2",
          "resolved": "https://registry.npmjs.org/isstream/-/isstream-0.1.2.tgz",
          "integrity": "sha1-R+Y/evVa+m+S4VAOaQ64uFKcCZo="
        },
        "json-stringify-safe": {
          "version": "5.0.1",
          "resolved": "https://registry.npmjs.org/json-stringify-safe/-/json-stringify-safe-5.0.1.tgz",
          "integrity": "sha1-Epai1Y/UXxmg9s4B1lcB4sc1tus="
        },
        "mime-types": {
          "version": "2.1.10",
          "resolved": "https://registry.npmjs.org/mime-types/-/mime-types-2.1.10.tgz",
          "integrity": "sha1-uTx8tDYuFtQQcqflRTj7TUMHCDc=",
          "requires": {
            "mime-db": "~1.22.0"
          },
          "dependencies": {
            "mime-db": {
              "version": "1.22.0",
              "resolved": "https://registry.npmjs.org/mime-db/-/mime-db-1.22.0.tgz",
              "integrity": "sha1-qyOmNy3J2G09yRIb0OvTgQWhkEo="
            }
          }
        },
        "node-uuid": {
          "version": "1.4.7",
          "resolved": "https://registry.npmjs.org/node-uuid/-/node-uuid-1.4.7.tgz",
          "integrity": "sha1-baWhdmjEs91ZYjvaEc9/pMH2Cm8="
        },
        "oauth-sign": {
          "version": "0.8.1",
          "resolved": "https://registry.npmjs.org/oauth-sign/-/oauth-sign-0.8.1.tgz",
          "integrity": "sha1-GCQ5vbkTeL90YOdcZOpD5kSN7wY="
        },
        "qs": {
          "version": "6.1.0",
          "resolved": "https://registry.npmjs.org/qs/-/qs-6.1.0.tgz",
          "integrity": "sha1-7B0WJrJCeNmfD99FSeUk4k7O6yY="
        },
        "stringstream": {
          "version": "0.0.5",
          "resolved": "https://registry.npmjs.org/stringstream/-/stringstream-0.0.5.tgz",
          "integrity": "sha1-TkhM1N5aC7vuGORjB3EKioFiGHg="
        },
        "tough-cookie": {
          "version": "2.2.2",
          "resolved": "https://registry.npmjs.org/tough-cookie/-/tough-cookie-2.2.2.tgz",
          "integrity": "sha1-yDoYMPTl7wuT7yo0iOck+N4Basc="
        },
        "tunnel-agent": {
          "version": "0.4.2",
          "resolved": "https://registry.npmjs.org/tunnel-agent/-/tunnel-agent-0.4.2.tgz",
          "integrity": "sha1-EQTj82rIcSXChycAZ9WC0YEzv+4="
        }
      }
    },
    "unpipe": {
      "version": "1.0.0",
      "resolved": "https://registry.npmjs.org/unpipe/-/unpipe-1.0.0.tgz",
      "integrity": "sha1-sr9O6FFKrmFltIF4KdIbLvSZBOw="
    }
  }
}
